
Microsoft Visual Studio Solution File, Format Version 12.00
# Visual Studio Version 16
VisualStudioVersion = 16.0.28315.86
MinimumVisualStudioVersion = 10.0.40219.1
Project("{2150E333-8FDC-42A3-9474-1A3956D46DE8}") = "Engine", "Engine", "{94A6C6F3-99B3-346E-9557-ABF9D4064DBD}"
EndProject
Project("{2150E333-8FDC-42A3-9474-1A3956D46DE8}") = "Games", "Games", "{8E2F6A87-1826-34F4-940C-CC23A48F9FE4}"
EndProject
Project("{8BC9CEB8-8B4A-11D0-8D11-00A0C91BC942}") = "UE4", "Intermediate\ProjectFiles\UE4.vcxproj", "{1BDE56BE-1DB3-4F54-9C4A-DE4ABC5D315D}"
EndProject
Project("{8BC9CEB8-8B4A-11D0-8D11-00A0C91BC942}") = "DungeonCrawl", "Intermediate\ProjectFiles\DungeonCrawl.vcxproj", "{070CB38D-6899-4A47-88F8-B4AAF57B133A}"
EndProject
Project("{2150E333-8FDC-42A3-9474-1A3956D46DE8}") = "Visualizers", "Visualizers", "{1CCEC849-CC72-4C59-8C36-2F7C38706D4C}"
	ProjectSection(SolutionItems) = preProject
		..\..\Unreal Engine\UE_4.27\Engine\Extras\VisualStudioDebugging\UE4.natvis = ..\..\Unreal Engine\UE_4.27\Engine\Extras\VisualStudioDebugging\UE4.natvis
	EndProjectSection
EndProject
Global
	GlobalSection(SolutionConfigurationPlatforms) = preSolution
		DebugGame Editor|HoloLens = DebugGame Editor|HoloLens
		DebugGame Editor|Win32 = DebugGame Editor|Win32
		DebugGame Editor|Win64 = DebugGame Editor|Win64
		DebugGame|HoloLens = DebugGame|HoloLens
		DebugGame|Win32 = DebugGame|Win32
		DebugGame|Win64 = DebugGame|Win64
		Development Editor|HoloLens = Development Editor|HoloLens
		Development Editor|Win32 = Development Editor|Win32
		Development Editor|Win64 = Development Editor|Win64
		Development|HoloLens = Development|HoloLens
		Development|Win32 = Development|Win32
		Development|Win64 = Development|Win64
		Shipping|HoloLens = Shipping|HoloLens
		Shipping|Win32 = Shipping|Win32
		Shipping|Win64 = Shipping|Win64
	EndGlobalSection
	# Visual Assist Section
	GlobalSection(44630d46-96b5-488c-8df926e21db8c1a3) = preSolution
		ueSolution=true
	EndGlobalSection
	GlobalSection(ProjectConfigurationPlatforms) = postSolution
		{1BDE56BE-1DB3-4F54-9C4A-DE4ABC5D315D}.DebugGame Editor|HoloLens.ActiveCfg = BuiltWithUnrealBuildTool|Win32
		{1BDE56BE-1DB3-4F54-9C4A-DE4ABC5D315D}.DebugGame Editor|Win32.ActiveCfg = BuiltWithUnrealBuildTool|Win32
		{1BDE56BE-1DB3-4F54-9C4A-DE4ABC5D315D}.DebugGame Editor|Win64.ActiveCfg = BuiltWithUnrealBuildTool|Win32
		{1BDE56BE-1DB3-4F54-9C4A-DE4ABC5D315D}.DebugGame|HoloLens.ActiveCfg = BuiltWithUnrealBuildTool|Win32
		{1BDE56BE-1DB3-4F54-9C4A-DE4ABC5D315D}.DebugGame|Win32.ActiveCfg = BuiltWithUnrealBuildTool|Win32
		{1BDE56BE-1DB3-4F54-9C4A-DE4ABC5D315D}.DebugGame|Win64.ActiveCfg = BuiltWithUnrealBuildTool|Win32
		{1BDE56BE-1DB3-4F54-9C4A-DE4ABC5D315D}.Development Editor|HoloLens.ActiveCfg = BuiltWithUnrealBuildTool|Win32
		{1BDE56BE-1DB3-4F54-9C4A-DE4ABC5D315D}.Development Editor|Win32.ActiveCfg = BuiltWithUnrealBuildTool|Win32
		{1BDE56BE-1DB3-4F54-9C4A-DE4ABC5D315D}.Development Editor|Win64.ActiveCfg = BuiltWithUnrealBuildTool|Win32
		{1BDE56BE-1DB3-4F54-9C4A-DE4ABC5D315D}.Development|HoloLens.ActiveCfg = BuiltWithUnrealBuildTool|Win32
		{1BDE56BE-1DB3-4F54-9C4A-DE4ABC5D315D}.Development|Win32.ActiveCfg = BuiltWithUnrealBuildTool|Win32
		{1BDE56BE-1DB3-4F54-9C4A-DE4ABC5D315D}.Development|Win64.ActiveCfg = BuiltWithUnrealBuildTool|Win32
		{1BDE56BE-1DB3-4F54-9C4A-DE4ABC5D315D}.Shipping|HoloLens.ActiveCfg = BuiltWithUnrealBuildTool|Win32
		{1BDE56BE-1DB3-4F54-9C4A-DE4ABC5D315D}.Shipping|Win32.ActiveCfg = BuiltWithUnrealBuildTool|Win32
		{1BDE56BE-1DB3-4F54-9C4A-DE4ABC5D315D}.Shipping|Win64.ActiveCfg = BuiltWithUnrealBuildTool|Win32
		{070CB38D-6899-4A47-88F8-B4AAF57B133A}.DebugGame Editor|HoloLens.ActiveCfg = Invalid|Win32
		{070CB38D-6899-4A47-88F8-B4AAF57B133A}.DebugGame Editor|Win32.ActiveCfg = Invalid|Win32
		{070CB38D-6899-4A47-88F8-B4AAF57B133A}.DebugGame Editor|Win64.ActiveCfg = DebugGame_Editor|x64
		{070CB38D-6899-4A47-88F8-B4AAF57B133A}.DebugGame Editor|Win64.Build.0 = DebugGame_Editor|x64
		{070CB38D-6899-4A47-88F8-B4AAF57B133A}.DebugGame|HoloLens.ActiveCfg = DebugGame|arm64
		{070CB38D-6899-4A47-88F8-B4AAF57B133A}.DebugGame|HoloLens.Build.0 = DebugGame|arm64
		{070CB38D-6899-4A47-88F8-B4AAF57B133A}.DebugGame|HoloLens.Deploy.0 = DebugGame|arm64
		{070CB38D-6899-4A47-88F8-B4AAF57B133A}.DebugGame|Win32.ActiveCfg = DebugGame|Win32
		{070CB38D-6899-4A47-88F8-B4AAF57B133A}.DebugGame|Win32.Build.0 = DebugGame|Win32
		{070CB38D-6899-4A47-88F8-B4AAF57B133A}.DebugGame|Win64.ActiveCfg = DebugGame|x64
		{070CB38D-6899-4A47-88F8-B4AAF57B133A}.DebugGame|Win64.Build.0 = DebugGame|x64
		{070CB38D-6899-4A47-88F8-B4AAF57B133A}.Development Editor|HoloLens.ActiveCfg = Invalid|Win32
		{070CB38D-6899-4A47-88F8-B4AAF57B133A}.Development Editor|Win32.ActiveCfg = Invalid|Win32
		{070CB38D-6899-4A47-88F8-B4AAF57B133A}.Development Editor|Win64.ActiveCfg = Development_Editor|x64
		{070CB38D-6899-4A47-88F8-B4AAF57B133A}.Development Editor|Win64.Build.0 = Development_Editor|x64
		{070CB38D-6899-4A47-88F8-B4AAF57B133A}.Development|HoloLens.ActiveCfg = Development|arm64
		{070CB38D-6899-4A47-88F8-B4AAF57B133A}.Development|HoloLens.Build.0 = Development|arm64
		{070CB38D-6899-4A47-88F8-B4AAF57B133A}.Development|HoloLens.Deploy.0 = Development|arm64
		{070CB38D-6899-4A47-88F8-B4AAF57B133A}.Development|Win32.ActiveCfg = Development|Win32
		{070CB38D-6899-4A47-88F8-B4AAF57B133A}.Development|Win32.Build.0 = Development|Win32
		{070CB38D-6899-4A47-88F8-B4AAF57B133A}.Development|Win64.ActiveCfg = Development|x64
		{070CB38D-6899-4A47-88F8-B4AAF57B133A}.Development|Win64.Build.0 = Development|x64
		{070CB38D-6899-4A47-88F8-B4AAF57B133A}.Shipping|HoloLens.ActiveCfg = Shipping|arm64
		{070CB38D-6899-4A47-88F8-B4AAF57B133A}.Shipping|HoloLens.Build.0 = Shipping|arm64
		{070CB38D-6899-4A47-88F8-B4AAF57B133A}.Shipping|HoloLens.Deploy.0 = Shipping|arm64
		{070CB38D-6899-4A47-88F8-B4AAF57B133A}.Shipping|Win32.ActiveCfg = Shipping|Win32
		{070CB38D-6899-4A47-88F8-B4AAF57B133A}.Shipping|Win32.Build.0 = Shipping|Win32
		{070CB38D-6899-4A47-88F8-B4AAF57B133A}.Shipping|Win64.ActiveCfg = Shipping|x64
		{070CB38D-6899-4A47-88F8-B4AAF57B133A}.Shipping|Win64.Build.0 = Shipping|x64
	EndGlobalSection
	GlobalSection(SolutionProperties) = preSolution
		HideSolutionNode = FALSE
	EndGlobalSection
	GlobalSection(NestedProjects) = preSolution
		{1BDE56BE-1DB3-4F54-9C4A-DE4ABC5D315D} = {94A6C6F3-99B3-346E-9557-ABF9D4064DBD}
		{070CB38D-6899-4A47-88F8-B4AAF57B133A} = {8E2F6A87-1826-34F4-940C-CC23A48F9FE4}
	EndGlobalSection
EndGlobal
